// This lockfile was autogenerated by Pants. To regenerate, run:
//
//    pants generate-lockfiles --resolve=python-default
//
// --- BEGIN PANTS LOCKFILE METADATA: DO NOT EDIT OR REMOVE ---
// {
//   "version": 3,
//   "valid_for_interpreter_constraints": [
//     "CPython==3.9.*"
//   ],
//   "generated_with_requirements": [
//     "numpy<2.0.0,>=1.26.0",
//     "pytest<6.0.0,>=5.2"
//   ],
//   "manylinux": "manylinux2014",
//   "requirement_constraints": [],
//   "only_binary": [],
//   "no_binary": []
// }
// --- END PANTS LOCKFILE METADATA ---

{
  "allow_builds": true,
  "allow_prereleases": false,
  "allow_wheels": true,
  "build_isolation": true,
  "constraints": [],
  "locked_resolves": [
    {
      "locked_requirements": [
        {
          "artifacts": [
            {
              "algorithm": "sha256",
              "hash": "1f28b4522cdc2fb4256ac1a020c78acf9cba2c6b461ccd2c126f3aa8e8335d04",
              "url": "https://files.pythonhosted.org/packages/f0/eb/fcb708c7bf5056045e9e98f62b93bd7467eb718b0202e7698eb11d66416c/attrs-23.1.0-py3-none-any.whl"
            },
            {
              "algorithm": "sha256",
              "hash": "6279836d581513a26f1bf235f9acd333bc9115683f14f7e8fae46c98fc50e015",
              "url": "https://files.pythonhosted.org/packages/97/90/81f95d5f705be17872843536b1868f351805acf6971251ff07c1b8334dbb/attrs-23.1.0.tar.gz"
            }
          ],
          "project_name": "attrs",
          "requires_dists": [
            "attrs[docs,tests]; extra == \"dev\"",
            "attrs[tests-no-zope]; extra == \"tests\"",
            "attrs[tests]; extra == \"cov\"",
            "cloudpickle; platform_python_implementation == \"CPython\" and extra == \"tests-no-zope\"",
            "coverage[toml]>=5.3; extra == \"cov\"",
            "furo; extra == \"docs\"",
            "hypothesis; extra == \"tests-no-zope\"",
            "importlib-metadata; python_version < \"3.8\"",
            "mypy>=1.1.1; platform_python_implementation == \"CPython\" and extra == \"tests-no-zope\"",
            "myst-parser; extra == \"docs\"",
            "pre-commit; extra == \"dev\"",
            "pympler; extra == \"tests-no-zope\"",
            "pytest-mypy-plugins; platform_python_implementation == \"CPython\" and python_version < \"3.11\" and extra == \"tests-no-zope\"",
            "pytest-xdist[psutil]; extra == \"tests-no-zope\"",
            "pytest>=4.3.0; extra == \"tests-no-zope\"",
            "sphinx-notfound-page; extra == \"docs\"",
            "sphinx; extra == \"docs\"",
            "sphinxcontrib-towncrier; extra == \"docs\"",
            "towncrier; extra == \"docs\"",
            "zope-interface; extra == \"docs\"",
            "zope-interface; extra == \"tests\""
          ],
          "requires_python": ">=3.7",
          "version": "23.1.0"
        },
        {
          "artifacts": [
            {
              "algorithm": "sha256",
              "hash": "64e0735fcfdc6f3464ea133afe8ea4483b1c5fe3a3d69852e6503b43a0b222e6",
              "url": "https://files.pythonhosted.org/packages/5a/cb/6dce742ea14e47d6f565589e859ad225f2a5de576d7696e0623b784e226b/more_itertools-10.1.0-py3-none-any.whl"
            },
            {
              "algorithm": "sha256",
              "hash": "626c369fa0eb37bac0291bce8259b332fd59ac792fa5497b59837309cd5b114a",
              "url": "https://files.pythonhosted.org/packages/2d/73/3557e45746fcaded71125c0a1c0f87616e8258c78391f0c365bf97bbfc99/more-itertools-10.1.0.tar.gz"
            }
          ],
          "project_name": "more-itertools",
          "requires_dists": [],
          "requires_python": ">=3.8",
          "version": "10.1.0"
        },
        {
          "artifacts": [
            {
              "algorithm": "sha256",
              "hash": "7d484292eaeb3e84a51432a94f53578689ffdea3f90e10c8b203a99be5af57d8",
              "url": "https://files.pythonhosted.org/packages/08/60/24b68df50a8b513e6de12eeed25028060db6c6abc831eb38178b38e67eb2/numpy-1.26.0-pp39-pypy39_pp73-manylinux_2_17_x86_64.manylinux2014_x86_64.whl"
            },
            {
              "algorithm": "sha256",
              "hash": "b44e6a09afc12952a7d2a58ca0a2429ee0d49a4f89d83a0a11052da696440e49",
              "url": "https://files.pythonhosted.org/packages/23/36/35495262d6faf673f2a0948cd2be2bf19f59877c45cba9d4c0b345c5288b/numpy-1.26.0-cp39-cp39-musllinux_1_1_x86_64.whl"
            },
            {
              "algorithm": "sha256",
              "hash": "4a873a8180479bc829313e8d9798d5234dfacfc2e8a7ac188418189bb8eafbd2",
              "url": "https://files.pythonhosted.org/packages/2a/11/c074f7530bac91294b09988c3ff7b024bf13bf6c19f751551fa1e700c27d/numpy-1.26.0-cp39-cp39-macosx_10_9_x86_64.whl"
            },
            {
              "algorithm": "sha256",
              "hash": "c78a22e95182fb2e7874712433eaa610478a3caf86f28c621708d35fa4fd6e7f",
              "url": "https://files.pythonhosted.org/packages/41/95/1145b9072e39ef4c40d62f76d0d80be65a7c383ba3ef9ccd2d9a97974752/numpy-1.26.0-cp39-cp39-manylinux_2_17_aarch64.manylinux2014_aarch64.whl"
            },
            {
              "algorithm": "sha256",
              "hash": "f93fc78fe8bf15afe2b8d6b6499f1c73953169fad1e9a8dd086cdff3190e7fdf",
              "url": "https://files.pythonhosted.org/packages/55/b3/b13bce39ba82b7398c06d10446f5ffd5c07db39b09bd37370dc720c7951c/numpy-1.26.0.tar.gz"
            },
            {
              "algorithm": "sha256",
              "hash": "86f737708b366c36b76e953c46ba5827d8c27b7a8c9d0f471810728e5a2fe57c",
              "url": "https://files.pythonhosted.org/packages/75/cd/7ae0f2cd3fc68aea6cfb2b7e523842e1fa953adb38efabc110d27ba6e423/numpy-1.26.0-cp39-cp39-manylinux_2_17_x86_64.manylinux2014_x86_64.whl"
            },
            {
              "algorithm": "sha256",
              "hash": "914b28d3215e0c721dc75db3ad6d62f51f630cb0c277e6b3bcb39519bed10bd8",
              "url": "https://files.pythonhosted.org/packages/b4/ca/fc1c4f8a2a4693ff437d039acf2dc93a190b9494569fbed246f535c44fc8/numpy-1.26.0-cp39-cp39-macosx_11_0_arm64.whl"
            },
            {
              "algorithm": "sha256",
              "hash": "0792824ce2f7ea0c82ed2e4fecc29bb86bee0567a080dacaf2e0a01fe7654369",
              "url": "https://files.pythonhosted.org/packages/ef/97/57fa19bd7b7cc5e7344ad912617c7b535d08a0878b31e904e35dcf4f550d/numpy-1.26.0-pp39-pypy39_pp73-macosx_10_9_x86_64.whl"
            }
          ],
          "project_name": "numpy",
          "requires_dists": [],
          "requires_python": "<3.13,>=3.9",
          "version": "1.26.0"
        },
        {
          "artifacts": [
            {
              "algorithm": "sha256",
              "hash": "994793af429502c4ea2ebf6bf664629d07c1a9fe974af92966e4b8d2df7edc61",
              "url": "https://files.pythonhosted.org/packages/ab/c3/57f0601a2d4fe15de7a553c00adbc901425661bf048f2a22dfc500caf121/packaging-23.1-py3-none-any.whl"
            },
            {
              "algorithm": "sha256",
              "hash": "a392980d2b6cffa644431898be54b0045151319d1e7ec34f0cfed48767dd334f",
              "url": "https://files.pythonhosted.org/packages/b9/6c/7c6658d258d7971c5eb0d9b69fa9265879ec9a9158031206d47800ae2213/packaging-23.1.tar.gz"
            }
          ],
          "project_name": "packaging",
          "requires_dists": [],
          "requires_python": ">=3.7",
          "version": "23.1"
        },
        {
          "artifacts": [
            {
              "algorithm": "sha256",
              "hash": "966c145cd83c96502c3c3868f50408687b38434af77734af1e9ca461a4081d2d",
              "url": "https://files.pythonhosted.org/packages/a0/28/85c7aa31b80d150b772fbe4a229487bc6644da9ccb7e427dd8cc60cb8a62/pluggy-0.13.1-py2.py3-none-any.whl"
            },
            {
              "algorithm": "sha256",
              "hash": "15b2acde666561e1298d71b523007ed7364de07029219b604cf808bfa1c765b0",
              "url": "https://files.pythonhosted.org/packages/f8/04/7a8542bed4b16a65c2714bf76cf5a0b026157da7f75e87cc88774aa10b14/pluggy-0.13.1.tar.gz"
            }
          ],
          "project_name": "pluggy",
          "requires_dists": [
            "importlib-metadata>=0.12; python_version < \"3.8\"",
            "pre-commit; extra == \"dev\"",
            "tox; extra == \"dev\""
          ],
          "requires_python": "!=3.0.*,!=3.1.*,!=3.2.*,!=3.3.*,>=2.7",
          "version": "0.13.1"
        },
        {
          "artifacts": [
            {
              "algorithm": "sha256",
              "hash": "607c53218732647dff4acdfcd50cb62615cedf612e72d1724fb1a0cc6405b378",
              "url": "https://files.pythonhosted.org/packages/f6/f0/10642828a8dfb741e5f3fbaac830550a518a775c7fff6f04a007259b0548/py-1.11.0-py2.py3-none-any.whl"
            },
            {
              "algorithm": "sha256",
              "hash": "51c75c4126074b472f746a24399ad32f6053d1b34b68d2fa41e558e6f4a98719",
              "url": "https://files.pythonhosted.org/packages/98/ff/fec109ceb715d2a6b4c4a85a61af3b40c723a961e8828319fbcb15b868dc/py-1.11.0.tar.gz"
            }
          ],
          "project_name": "py",
          "requires_dists": [],
          "requires_python": "!=3.0.*,!=3.1.*,!=3.2.*,!=3.3.*,!=3.4.*,>=2.7",
          "version": "1.11.0"
        },
        {
          "artifacts": [
            {
              "algorithm": "sha256",
              "hash": "5c0db86b698e8f170ba4582a492248919255fcd4c79b1ee64ace34301fb589a1",
              "url": "https://files.pythonhosted.org/packages/9f/f3/0a83558da436a081344aa6c8b85ea5b5f05071214106036ce341b7769b0b/pytest-5.4.3-py3-none-any.whl"
            },
            {
              "algorithm": "sha256",
              "hash": "7979331bfcba207414f5e1263b5a0f8f521d0f457318836a7355531ed1a4c7d8",
              "url": "https://files.pythonhosted.org/packages/8f/c4/e4a645f8a3d6c6993cb3934ee593e705947dfafad4ca5148b9a0fde7359c/pytest-5.4.3.tar.gz"
            }
          ],
          "project_name": "pytest",
          "requires_dists": [
            "argcomplete; extra == \"testing\"",
            "atomicwrites>=1.0; sys_platform == \"win32\"",
            "attrs>=17.4.0",
            "colorama; sys_platform == \"win32\"",
            "hypothesis>=3.56; extra == \"testing\"",
            "importlib-metadata>=0.12; python_version < \"3.8\"",
            "mock; extra == \"testing\"",
            "more-itertools>=4.0.0",
            "mypy==v0.761; extra == \"checkqa-mypy\"",
            "nose; extra == \"testing\"",
            "packaging",
            "pathlib2>=2.2.0; python_version < \"3.6\"",
            "pluggy<1.0,>=0.12",
            "py>=1.5.0",
            "requests; extra == \"testing\"",
            "wcwidth",
            "xmlschema; extra == \"testing\""
          ],
          "requires_python": ">=3.5",
          "version": "5.4.3"
        },
        {
          "artifacts": [
            {
              "algorithm": "sha256",
              "hash": "795b138f6875577cd91bba52baf9e445cd5118fd32723b460e30a0af30ea230e",
              "url": "https://files.pythonhosted.org/packages/20/f4/c0584a25144ce20bfcf1aecd041768b8c762c1eb0aa77502a3f0baa83f11/wcwidth-0.2.6-py2.py3-none-any.whl"
            },
            {
              "algorithm": "sha256",
              "hash": "a5220780a404dbe3353789870978e472cfe477761f06ee55077256e509b156d0",
              "url": "https://files.pythonhosted.org/packages/5e/5f/1e4bd82a9cc1f17b2c2361a2d876d4c38973a997003ba5eb400e8a932b6c/wcwidth-0.2.6.tar.gz"
            }
          ],
          "project_name": "wcwidth",
          "requires_dists": [
            "backports.functools-lru-cache>=1.2.1; python_version < \"3.2\""
          ],
          "requires_python": null,
          "version": "0.2.6"
        }
      ],
      "platform_tag": null
    }
  ],
  "path_mappings": {},
  "pex_version": "2.1.137",
  "pip_version": "23.1.2",
  "prefer_older_binary": false,
  "requirements": [
    "numpy<2.0.0,>=1.26.0",
    "pytest<6.0.0,>=5.2"
  ],
  "requires_python": [
    "==3.9.*"
  ],
  "resolver_version": "pip-2020-resolver",
  "style": "universal",
  "target_systems": [
    "linux",
    "mac"
  ],
  "transitive": true,
  "use_pep517": null
}
